// !$*UTF8*$!
{
	archiveVersion = 1;
	classes = {
	};
	objectVersion = 56;
	objects = {

/* Begin PBXBuildFile section */
		36350EC32AC2397900327566 /* MockInformation.swift in Sources */ = {isa = PBXBuildFile; fileRef = 36350EC22AC2397900327566 /* MockInformation.swift */; };
		3693ADA32ABE36B300B997F5 /* OnBoardingBiBankingApp.swift in Sources */ = {isa = PBXBuildFile; fileRef = 3693ADA22ABE36B300B997F5 /* OnBoardingBiBankingApp.swift */; };
		3693ADA52ABE36B300B997F5 /* ContentView.swift in Sources */ = {isa = PBXBuildFile; fileRef = 3693ADA42ABE36B300B997F5 /* ContentView.swift */; };
		3693ADA72ABE36B400B997F5 /* Assets.xcassets in Resources */ = {isa = PBXBuildFile; fileRef = 3693ADA62ABE36B400B997F5 /* Assets.xcassets */; };
		3693ADAA2ABE36B400B997F5 /* Preview Assets.xcassets in Resources */ = {isa = PBXBuildFile; fileRef = 3693ADA92ABE36B400B997F5 /* Preview Assets.xcassets */; };
		3693ADB42ABE36B400B997F5 /* OnBoardingBiBankingTests.swift in Sources */ = {isa = PBXBuildFile; fileRef = 3693ADB32ABE36B400B997F5 /* OnBoardingBiBankingTests.swift */; };
		3693ADBE2ABE36B400B997F5 /* OnBoardingBiBankingUITests.swift in Sources */ = {isa = PBXBuildFile; fileRef = 3693ADBD2ABE36B400B997F5 /* OnBoardingBiBankingUITests.swift */; };
		3693ADC02ABE36B400B997F5 /* OnBoardingBiBankingUITestsLaunchTests.swift in Sources */ = {isa = PBXBuildFile; fileRef = 3693ADBF2ABE36B400B997F5 /* OnBoardingBiBankingUITestsLaunchTests.swift */; };
		3693ADCE2ABE395B00B997F5 /* OnBoardingModel.swift in Sources */ = {isa = PBXBuildFile; fileRef = 3693ADCD2ABE395B00B997F5 /* OnBoardingModel.swift */; };
		3693ADD32ABE3CC100B997F5 /* OnboardingView.swift in Sources */ = {isa = PBXBuildFile; fileRef = 3693ADD22ABE3CC100B997F5 /* OnboardingView.swift */; };
/* End PBXBuildFile section */

/* Begin PBXContainerItemProxy section */
		3693ADB02ABE36B400B997F5 /* PBXContainerItemProxy */ = {
			isa = PBXContainerItemProxy;
			containerPortal = 3693AD972ABE36B200B997F5 /* Project object */;
			proxyType = 1;
			remoteGlobalIDString = 3693AD9E2ABE36B300B997F5;
			remoteInfo = OnBoardingBiBanking;
		};
		3693ADBA2ABE36B400B997F5 /* PBXContainerItemProxy */ = {
			isa = PBXContainerItemProxy;
			containerPortal = 3693AD972ABE36B200B997F5 /* Project object */;
			proxyType = 1;
			remoteGlobalIDString = 3693AD9E2ABE36B300B997F5;
			remoteInfo = OnBoardingBiBanking;
		};
/* End PBXContainerItemProxy section */

/* Begin PBXFileReference section */
		36350EC22AC2397900327566 /* MockInformation.swift */ = {isa = PBXFileReference; lastKnownFileType = sourcecode.swift; path = MockInformation.swift; sourceTree = "<group>"; };
		3693AD9F2ABE36B300B997F5 /* OnBoardingBiBanking.app */ = {isa = PBXFileReference; explicitFileType = wrapper.application; includeInIndex = 0; path = OnBoardingBiBanking.app; sourceTree = BUILT_PRODUCTS_DIR; };
		3693ADA22ABE36B300B997F5 /* OnBoardingBiBankingApp.swift */ = {isa = PBXFileReference; lastKnownFileType = sourcecode.swift; path = OnBoardingBiBankingApp.swift; sourceTree = "<group>"; };
		3693ADA42ABE36B300B997F5 /* ContentView.swift */ = {isa = PBXFileReference; lastKnownFileType = sourcecode.swift; path = ContentView.swift; sourceTree = "<group>"; };
		3693ADA62ABE36B400B997F5 /* Assets.xcassets */ = {isa = PBXFileReference; lastKnownFileType = folder.assetcatalog; path = Assets.xcassets; sourceTree = "<group>"; };
		3693ADA92ABE36B400B997F5 /* Preview Assets.xcassets */ = {isa = PBXFileReference; lastKnownFileType = folder.assetcatalog; path = "Preview Assets.xcassets"; sourceTree = "<group>"; };
		3693ADAF2ABE36B400B997F5 /* OnBoardingBiBankingTests.xctest */ = {isa = PBXFileReference; explicitFileType = wrapper.cfbundle; includeInIndex = 0; path = OnBoardingBiBankingTests.xctest; sourceTree = BUILT_PRODUCTS_DIR; };
		3693ADB32ABE36B400B997F5 /* OnBoardingBiBankingTests.swift */ = {isa = PBXFileReference; lastKnownFileType = sourcecode.swift; path = OnBoardingBiBankingTests.swift; sourceTree = "<group>"; };
		3693ADB92ABE36B400B997F5 /* OnBoardingBiBankingUITests.xctest */ = {isa = PBXFileReference; explicitFileType = wrapper.cfbundle; includeInIndex = 0; path = OnBoardingBiBankingUITests.xctest; sourceTree = BUILT_PRODUCTS_DIR; };
		3693ADBD2ABE36B400B997F5 /* OnBoardingBiBankingUITests.swift */ = {isa = PBXFileReference; lastKnownFileType = sourcecode.swift; path = OnBoardingBiBankingUITests.swift; sourceTree = "<group>"; };
		3693ADBF2ABE36B400B997F5 /* OnBoardingBiBankingUITestsLaunchTests.swift */ = {isa = PBXFileReference; lastKnownFileType = sourcecode.swift; path = OnBoardingBiBankingUITestsLaunchTests.swift; sourceTree = "<group>"; };
		3693ADCD2ABE395B00B997F5 /* OnBoardingModel.swift */ = {isa = PBXFileReference; lastKnownFileType = sourcecode.swift; path = OnBoardingModel.swift; sourceTree = "<group>"; };
		3693ADD22ABE3CC100B997F5 /* OnboardingView.swift */ = {isa = PBXFileReference; lastKnownFileType = sourcecode.swift; path = OnboardingView.swift; sourceTree = "<group>"; };
/* End PBXFileReference section */

/* Begin PBXFrameworksBuildPhase section */
		3693AD9C2ABE36B300B997F5 /* Frameworks */ = {
			isa = PBXFrameworksBuildPhase;
			buildActionMask = 2147483647;
			files = (
			);
			runOnlyForDeploymentPostprocessing = 0;
		};
		3693ADAC2ABE36B400B997F5 /* Frameworks */ = {
			isa = PBXFrameworksBuildPhase;
			buildActionMask = 2147483647;
			files = (
			);
			runOnlyForDeploymentPostprocessing = 0;
		};
		3693ADB62ABE36B400B997F5 /* Frameworks */ = {
			isa = PBXFrameworksBuildPhase;
			buildActionMask = 2147483647;
			files = (
			);
			runOnlyForDeploymentPostprocessing = 0;
		};
/* End PBXFrameworksBuildPhase section */

/* Begin PBXGroup section */
		3693AD962ABE36B200B997F5 = {
			isa = PBXGroup;
			children = (
				3693ADA12ABE36B300B997F5 /* OnBoardingBiBanking */,
				3693ADB22ABE36B400B997F5 /* OnBoardingBiBankingTests */,
				3693ADBC2ABE36B400B997F5 /* OnBoardingBiBankingUITests */,
				3693ADA02ABE36B300B997F5 /* Products */,
			);
			sourceTree = "<group>";
		};
		3693ADA02ABE36B300B997F5 /* Products */ = {
			isa = PBXGroup;
			children = (
				3693AD9F2ABE36B300B997F5 /* OnBoardingBiBanking.app */,
				3693ADAF2ABE36B400B997F5 /* OnBoardingBiBankingTests.xctest */,
				3693ADB92ABE36B400B997F5 /* OnBoardingBiBankingUITests.xctest */,
			);
			name = Products;
			sourceTree = "<group>";
		};
		3693ADA12ABE36B300B997F5 /* OnBoardingBiBanking */ = {
			isa = PBXGroup;
			children = (
				3693ADCC2ABE394C00B997F5 /* Model */,
				3693ADCF2ABE3CAC00B997F5 /* View */,
				3693ADA22ABE36B300B997F5 /* OnBoardingBiBankingApp.swift */,
				3693ADA42ABE36B300B997F5 /* ContentView.swift */,
				3693ADA62ABE36B400B997F5 /* Assets.xcassets */,
				3693ADA82ABE36B400B997F5 /* Preview Content */,
			);
			path = OnBoardingBiBanking;
			sourceTree = "<group>";
		};
		3693ADA82ABE36B400B997F5 /* Preview Content */ = {
			isa = PBXGroup;
			children = (
				3693ADA92ABE36B400B997F5 /* Preview Assets.xcassets */,
			);
			path = "Preview Content";
			sourceTree = "<group>";
		};
		3693ADB22ABE36B400B997F5 /* OnBoardingBiBankingTests */ = {
			isa = PBXGroup;
			children = (
				3693ADB32ABE36B400B997F5 /* OnBoardingBiBankingTests.swift */,
			);
			path = OnBoardingBiBankingTests;
			sourceTree = "<group>";
		};
		3693ADBC2ABE36B400B997F5 /* OnBoardingBiBankingUITests */ = {
			isa = PBXGroup;
			children = (
				3693ADBD2ABE36B400B997F5 /* OnBoardingBiBankingUITests.swift */,
				3693ADBF2ABE36B400B997F5 /* OnBoardingBiBankingUITestsLaunchTests.swift */,
			);
			path = OnBoardingBiBankingUITests;
			sourceTree = "<group>";
		};
		3693ADCC2ABE394C00B997F5 /* Model */ = {
			isa = PBXGroup;
			children = (
				3693ADCD2ABE395B00B997F5 /* OnBoardingModel.swift */,
				36350EC22AC2397900327566 /* MockInformation.swift */,
			);
			path = Model;
			sourceTree = "<group>";
		};
		3693ADCF2ABE3CAC00B997F5 /* View */ = {
			isa = PBXGroup;
			children = (
				3693ADD22ABE3CC100B997F5 /* OnboardingView.swift */,
			);
			path = View;
			sourceTree = "<group>";
		};
/* End PBXGroup section */

/* Begin PBXNativeTarget section */
		3693AD9E2ABE36B300B997F5 /* OnBoardingBiBanking */ = {
			isa = PBXNativeTarget;
			buildConfigurationList = 3693ADC32ABE36B400B997F5 /* Build configuration list for PBXNativeTarget "OnBoardingBiBanking" */;
			buildPhases = (
				3693AD9B2ABE36B300B997F5 /* Sources */,
				3693AD9C2ABE36B300B997F5 /* Frameworks */,
				3693AD9D2ABE36B300B997F5 /* Resources */,
			);
			buildRules = (
			);
			dependencies = (
			);
			name = OnBoardingBiBanking;
			productName = OnBoardingBiBanking;
			productReference = 3693AD9F2ABE36B300B997F5 /* OnBoardingBiBanking.app */;
			productType = "com.apple.product-type.application";
		};
		3693ADAE2ABE36B400B997F5 /* OnBoardingBiBankingTests */ = {
			isa = PBXNativeTarget;
			buildConfigurationList = 3693ADC62ABE36B400B997F5 /* Build configuration list for PBXNativeTarget "OnBoardingBiBankingTests" */;
			buildPhases = (
				3693ADAB2ABE36B400B997F5 /* Sources */,
				3693ADAC2ABE36B400B997F5 /* Frameworks */,
				3693ADAD2ABE36B400B997F5 /* Resources */,
			);
			buildRules = (
			);
			dependencies = (
				3693ADB12ABE36B400B997F5 /* PBXTargetDependency */,
			);
			name = OnBoardingBiBankingTests;
			productName = OnBoardingBiBankingTests;
			productReference = 3693ADAF2ABE36B400B997F5 /* OnBoardingBiBankingTests.xctest */;
			productType = "com.apple.product-type.bundle.unit-test";
		};
		3693ADB82ABE36B400B997F5 /* OnBoardingBiBankingUITests */ = {
			isa = PBXNativeTarget;
			buildConfigurationList = 3693ADC92ABE36B400B997F5 /* Build configuration list for PBXNativeTarget "OnBoardingBiBankingUITests" */;
			buildPhases = (
				3693ADB52ABE36B400B997F5 /* Sources */,
				3693ADB62ABE36B400B997F5 /* Frameworks */,
				3693ADB72ABE36B400B997F5 /* Resources */,
			);
			buildRules = (
			);
			dependencies = (
				3693ADBB2ABE36B400B997F5 /* PBXTargetDependency */,
			);
			name = OnBoardingBiBankingUITests;
			productName = OnBoardingBiBankingUITests;
			productReference = 3693ADB92ABE36B400B997F5 /* OnBoardingBiBankingUITests.xctest */;
			productType = "com.apple.product-type.bundle.ui-testing";
		};
/* End PBXNativeTarget section */

/* Begin PBXProject section */
		3693AD972ABE36B200B997F5 /* Project object */ = {
			isa = PBXProject;
			attributes = {
				BuildIndependentTargetsInParallel = 1;
				LastSwiftUpdateCheck = 1430;
				LastUpgradeCheck = 1430;
				TargetAttributes = {
					3693AD9E2ABE36B300B997F5 = {
						CreatedOnToolsVersion = 14.3;
					};
					3693ADAE2ABE36B400B997F5 = {
						CreatedOnToolsVersion = 14.3;
						TestTargetID = 3693AD9E2ABE36B300B997F5;
					};
					3693ADB82ABE36B400B997F5 = {
						CreatedOnToolsVersion = 14.3;
						TestTargetID = 3693AD9E2ABE36B300B997F5;
					};
				};
			};
			buildConfigurationList = 3693AD9A2ABE36B200B997F5 /* Build configuration list for PBXProject "OnBoardingBiBanking" */;
			compatibilityVersion = "Xcode 14.0";
			developmentRegion = en;
			hasScannedForEncodings = 0;
			knownRegions = (
				en,
				Base,
			);
			mainGroup = 3693AD962ABE36B200B997F5;
			productRefGroup = 3693ADA02ABE36B300B997F5 /* Products */;
			projectDirPath = "";
			projectRoot = "";
			targets = (
				3693AD9E2ABE36B300B997F5 /* OnBoardingBiBanking */,
				3693ADAE2ABE36B400B997F5 /* OnBoardingBiBankingTests */,
				3693ADB82ABE36B400B997F5 /* OnBoardingBiBankingUITests */,
			);
		};
/* End PBXProject section */

/* Begin PBXResourcesBuildPhase section */
		3693AD9D2ABE36B300B997F5 /* Resources */ = {
			isa = PBXResourcesBuildPhase;
			buildActionMask = 2147483647;
			files = (
				3693ADAA2ABE36B400B997F5 /* Preview Assets.xcassets in Resources */,
				3693ADA72ABE36B400B997F5 /* Assets.xcassets in Resources */,
			);
			runOnlyForDeploymentPostprocessing = 0;
		};
		3693ADAD2ABE36B400B997F5 /* Resources */ = {
			isa = PBXResourcesBuildPhase;
			buildActionMask = 2147483647;
			files = (
			);
			runOnlyForDeploymentPostprocessing = 0;
		};
		3693ADB72ABE36B400B997F5 /* Resources */ = {
			isa = PBXResourcesBuildPhase;
			buildActionMask = 2147483647;
			files = (
			);
			runOnlyForDeploymentPostprocessing = 0;
		};
/* End PBXResourcesBuildPhase section */

/* Begin PBXSourcesBuildPhase section */
		3693AD9B2ABE36B300B997F5 /* Sources */ = {
			isa = PBXSourcesBuildPhase;
			buildActionMask = 2147483647;
			files = (
				36350EC32AC2397900327566 /* MockInformation.swift in Sources */,
				3693ADA52ABE36B300B997F5 /* ContentView.swift in Sources */,
				3693ADD32ABE3CC100B997F5 /* OnboardingView.swift in Sources */,
				3693ADA32ABE36B300B997F5 /* OnBoardingBiBankingApp.swift in Sources */,
				3693ADCE2ABE395B00B997F5 /* OnBoardingModel.swift in Sources */,
			);
			runOnlyForDeploymentPostprocessing = 0;
		};
		3693ADAB2ABE36B400B997F5 /* Sources */ = {
			isa = PBXSourcesBuildPhase;
			buildActionMask = 2147483647;
			files = (
				3693ADB42ABE36B400B997F5 /* OnBoardingBiBankingTests.swift in Sources */,
			);
			runOnlyForDeploymentPostprocessing = 0;
		};
		3693ADB52ABE36B400B997F5 /* Sources */ = {
			isa = PBXSourcesBuildPhase;
			buildActionMask = 2147483647;
			files = (
				3693ADBE2ABE36B400B997F5 /* OnBoardingBiBankingUITests.swift in Sources */,
				3693ADC02ABE36B400B997F5 /* OnBoardingBiBankingUITestsLaunchTests.swift in Sources */,
			);
			runOnlyForDeploymentPostprocessing = 0;
		};
/* End PBXSourcesBuildPhase section */

/* Begin PBXTargetDependency section */
		3693ADB12ABE36B400B997F5 /* PBXTargetDependency */ = {
			isa = PBXTargetDependency;
			target = 3693AD9E2ABE36B300B997F5 /* OnBoardingBiBanking */;
			targetProxy = 3693ADB02ABE36B400B997F5 /* PBXContainerItemProxy */;
		};
		3693ADBB2ABE36B400B997F5 /* PBXTargetDependency */ = {
			isa = PBXTargetDependency;
			target = 3693AD9E2ABE36B300B997F5 /* OnBoardingBiBanking */;
			targetProxy = 3693ADBA2ABE36B400B997F5 /* PBXContainerItemProxy */;
		};
/* End PBXTargetDependency section */

/* Begin XCBuildConfiguration section */
		3693ADC12ABE36B400B997F5 /* Debug */ = {
			isa = XCBuildConfiguration;
			buildSettings = {
				ALWAYS_SEARCH_USER_PATHS = NO;
				CLANG_ANALYZER_NONNULL = YES;
				CLANG_ANALYZER_NUMBER_OBJECT_CONVERSION = YES_AGGRESSIVE;
				CLANG_CXX_LANGUAGE_STANDARD = "gnu++20";
				CLANG_ENABLE_MODULES = YES;
				CLANG_ENABLE_OBJC_ARC = YES;
				CLANG_ENABLE_OBJC_WEAK = YES;
				CLANG_WARN_BLOCK_CAPTURE_AUTORELEASING = YES;
				CLANG_WARN_BOOL_CONVERSION = YES;
				CLANG_WARN_COMMA = YES;
				CLANG_WARN_CONSTANT_CONVERSION = YES;
				CLANG_WARN_DEPRECATED_OBJC_IMPLEMENTATIONS = YES;
				CLANG_WARN_DIRECT_OBJC_ISA_USAGE = YES_ERROR;
				CLANG_WARN_DOCUMENTATION_COMMENTS = YES;
				CLANG_WARN_EMPTY_BODY = YES;
				CLANG_WARN_ENUM_CONVERSION = YES;
				CLANG_WARN_INFINITE_RECURSION = YES;
				CLANG_WARN_INT_CONVERSION = YES;
				CLANG_WARN_NON_LITERAL_NULL_CONVERSION = YES;
				CLANG_WARN_OBJC_IMPLICIT_RETAIN_SELF = YES;
				CLANG_WARN_OBJC_LITERAL_CONVERSION = YES;
				CLANG_WARN_OBJC_ROOT_CLASS = YES_ERROR;
				CLANG_WARN_QUOTED_INCLUDE_IN_FRAMEWORK_HEADER = YES;
				CLANG_WARN_RANGE_LOOP_ANALYSIS = YES;
				CLANG_WARN_STRICT_PROTOTYPES = YES;
				CLANG_WARN_SUSPICIOUS_MOVE = YES;
				CLANG_WARN_UNGUARDED_AVAILABILITY = YES_AGGRESSIVE;
				CLANG_WARN_UNREACHABLE_CODE = YES;
				CLANG_WARN__DUPLICATE_METHOD_MATCH = YES;
				COPY_PHASE_STRIP = NO;
				DEBUG_INFORMATION_FORMAT = dwarf;
				ENABLE_STRICT_OBJC_MSGSEND = YES;
				ENABLE_TESTABILITY = YES;
				GCC_C_LANGUAGE_STANDARD = gnu11;
				GCC_DYNAMIC_NO_PIC = NO;
				GCC_NO_COMMON_BLOCKS = YES;
				GCC_OPTIMIZATION_LEVEL = 0;
				GCC_PREPROCESSOR_DEFINITIONS = (
					"DEBUG=1",
					"$(inherited)",
				);
				GCC_WARN_64_TO_32_BIT_CONVERSION = YES;
				GCC_WARN_ABOUT_RETURN_TYPE = YES_ERROR;
				GCC_WARN_UNDECLARED_SELECTOR = YES;
				GCC_WARN_UNINITIALIZED_AUTOS = YES_AGGRESSIVE;
				GCC_WARN_UNUSED_FUNCTION = YES;
				GCC_WARN_UNUSED_VARIABLE = YES;
				IPHONEOS_DEPLOYMENT_TARGET = 16.4;
				MTL_ENABLE_DEBUG_INFO = INCLUDE_SOURCE;
				MTL_FAST_MATH = YES;
				ONLY_ACTIVE_ARCH = YES;
				SDKROOT = iphoneos;
				SWIFT_ACTIVE_COMPILATION_CONDITIONS = DEBUG;
				SWIFT_OPTIMIZATION_LEVEL = "-Onone";
			};
			name = Debug;
		};
		3693ADC22ABE36B400B997F5 /* Release */ = {
			isa = XCBuildConfiguration;
			buildSettings = {
				ALWAYS_SEARCH_USER_PATHS = NO;
				CLANG_ANALYZER_NONNULL = YES;
				CLANG_ANALYZER_NUMBER_OBJECT_CONVERSION = YES_AGGRESSIVE;
				CLANG_CXX_LANGUAGE_STANDARD = "gnu++20";
				CLANG_ENABLE_MODULES = YES;
				CLANG_ENABLE_OBJC_ARC = YES;
				CLANG_ENABLE_OBJC_WEAK = YES;
				CLANG_WARN_BLOCK_CAPTURE_AUTORELEASING = YES;
				CLANG_WARN_BOOL_CONVERSION = YES;
				CLANG_WARN_COMMA = YES;
				CLANG_WARN_CONSTANT_CONVERSION = YES;
				CLANG_WARN_DEPRECATED_OBJC_IMPLEMENTATIONS = YES;
				CLANG_WARN_DIRECT_OBJC_ISA_USAGE = YES_ERROR;
				CLANG_WARN_DOCUMENTATION_COMMENTS = YES;
				CLANG_WARN_EMPTY_BODY = YES;
				CLANG_WARN_ENUM_CONVERSION = YES;
				CLANG_WARN_INFINITE_RECURSION = YES;
				CLANG_WARN_INT_CONVERSION = YES;
				CLANG_WARN_NON_LITERAL_NULL_CONVERSION = YES;
				CLANG_WARN_OBJC_IMPLICIT_RETAIN_SELF = YES;
				CLANG_WARN_OBJC_LITERAL_CONVERSION = YES;
				CLANG_WARN_OBJC_ROOT_CLASS = YES_ERROR;
				CLANG_WARN_QUOTED_INCLUDE_IN_FRAMEWORK_HEADER = YES;
				CLANG_WARN_RANGE_LOOP_ANALYSIS = YES;
				CLANG_WARN_STRICT_PROTOTYPES = YES;
				CLANG_WARN_SUSPICIOUS_MOVE = YES;
				CLANG_WARN_UNGUARDED_AVAILABILITY = YES_AGGRESSIVE;
				CLANG_WARN_UNREACHABLE_CODE = YES;
				CLANG_WARN__DUPLICATE_METHOD_MATCH = YES;
				COPY_PHASE_STRIP = NO;
				DEBUG_INFORMATION_FORMAT = "dwarf-with-dsym";
				ENABLE_NS_ASSERTIONS = NO;
				ENABLE_STRICT_OBJC_MSGSEND = YES;
				GCC_C_LANGUAGE_STANDARD = gnu11;
				GCC_NO_COMMON_BLOCKS = YES;
				GCC_WARN_64_TO_32_BIT_CONVERSION = YES;
				GCC_WARN_ABOUT_RETURN_TYPE = YES_ERROR;
				GCC_WARN_UNDECLARED_SELECTOR = YES;
				GCC_WARN_UNINITIALIZED_AUTOS = YES_AGGRESSIVE;
				GCC_WARN_UNUSED_FUNCTION = YES;
				GCC_WARN_UNUSED_VARIABLE = YES;
				IPHONEOS_DEPLOYMENT_TARGET = 16.4;
				MTL_ENABLE_DEBUG_INFO = NO;
				MTL_FAST_MATH = YES;
				SDKROOT = iphoneos;
				SWIFT_COMPILATION_MODE = wholemodule;
				SWIFT_OPTIMIZATION_LEVEL = "-O";
				VALIDATE_PRODUCT = YES;
			};
			name = Release;
		};
		3693ADC42ABE36B400B997F5 /* Debug */ = {
			isa = XCBuildConfiguration;
			buildSettings = {
				ASSETCATALOG_COMPILER_APPICON_NAME = AppIcon;
				ASSETCATALOG_COMPILER_GLOBAL_ACCENT_COLOR_NAME = AccentColor;
				CODE_SIGN_STYLE = Automatic;
				CURRENT_PROJECT_VERSION = 1;
				DEVELOPMENT_ASSET_PATHS = "\"OnBoardingBiBanking/Preview Content\"";
				DEVELOPMENT_TEAM = PW7L2YCFP6;
				ENABLE_PREVIEWS = YES;
				GENERATE_INFOPLIST_FILE = YES;
				INFOPLIST_KEY_UIApplicationSceneManifest_Generation = YES;
				INFOPLIST_KEY_UIApplicationSupportsIndirectInputEvents = YES;
				INFOPLIST_KEY_UILaunchScreen_Generation = YES;
				INFOPLIST_KEY_UISupportedInterfaceOrientations_iPad = "UIInterfaceOrientationPortrait UIInterfaceOrientationPortraitUpsideDown UIInterfaceOrientationLandscapeLeft UIInterfaceOrientationLandscapeRight";
				INFOPLIST_KEY_UISupportedInterfaceOrientations_iPhone = "UIInterfaceOrientationPortrait UIInterfaceOrientationLandscapeLeft UIInterfaceOrientationLandscapeRight";
				LD_RUNPATH_SEARCH_PATHS = (
					"$(inherited)",
					"@executable_path/Frameworks",
				);
				MARKETING_VERSION = 1.0;
				PRODUCT_BUNDLE_IDENTIFIER = danilo.com.OnBoardingBiBanking;
				PRODUCT_NAME = "$(TARGET_NAME)";
				SWIFT_EMIT_LOC_STRINGS = YES;
				SWIFT_VERSION = 5.0;
				TARGETED_DEVICE_FAMILY = "1,2";
			};
			name = Debug;
		};
		3693ADC52ABE36B400B997F5 /* Release */ = {
			isa = XCBuildConfiguration;
			buildSettings = {
				ASSETCATALOG_COMPILER_APPICON_NAME = AppIcon;
				ASSETCATALOG_COMPILER_GLOBAL_ACCENT_COLOR_NAME = AccentColor;
				CODE_SIGN_STYLE = Automatic;
				CURRENT_PROJECT_VERSION = 1;
				DEVELOPMENT_ASSET_PATHS = "\"OnBoardingBiBanking/Preview Content\"";
				DEVELOPMENT_TEAM = PW7L2YCFP6;
				ENABLE_PREVIEWS = YES;
				GENERATE_INFOPLIST_FILE = YES;
				INFOPLIST_KEY_UIApplicationSceneManifest_Generation = YES;
				INFOPLIST_KEY_UIApplicationSupportsIndirectInputEvents = YES;
				INFOPLIST_KEY_UILaunchScreen_Generation = YES;
				INFOPLIST_KEY_UISupportedInterfaceOrientations_iPad = "UIInterfaceOrientationPortrait UIInterfaceOrientationPortraitUpsideDown UIInterfaceOrientationLandscapeLeft UIInterfaceOrientationLandscapeRight";
				INFOPLIST_KEY_UISupportedInterfaceOrientations_iPhone = "UIInterfaceOrientationPortrait UIInterfaceOrientationLandscapeLeft UIInterfaceOrientationLandscapeRight";
				LD_RUNPATH_SEARCH_PATHS = (
					"$(inherited)",
					"@executable_path/Frameworks",
				);
				MARKETING_VERSION = 1.0;
				PRODUCT_BUNDLE_IDENTIFIER = danilo.com.OnBoardingBiBanking;
				PRODUCT_NAME = "$(TARGET_NAME)";
				SWIFT_EMIT_LOC_STRINGS = YES;
				SWIFT_VERSION = 5.0;
				TARGETED_DEVICE_FAMILY = "1,2";
			};
			name = Release;
		};
		3693ADC72ABE36B400B997F5 /* Debug */ = {
			isa = XCBuildConfiguration;
			buildSettings = {
				ALWAYS_EMBED_SWIFT_STANDARD_LIBRARIES = YES;
				BUNDLE_LOADER = "$(TEST_HOST)";
				CODE_SIGN_STYLE = Automatic;
				CURRENT_PROJECT_VERSION = 1;
				DEVELOPMENT_TEAM = PW7L2YCFP6;
				GENERATE_INFOPLIST_FILE = YES;
				IPHONEOS_DEPLOYMENT_TARGET = 16.4;
				MARKETING_VERSION = 1.0;
				PRODUCT_BUNDLE_IDENTIFIER = danilo.com.OnBoardingBiBankingTests;
				PRODUCT_NAME = "$(TARGET_NAME)";
				SWIFT_EMIT_LOC_STRINGS = NO;
				SWIFT_VERSION = 5.0;
				TARGETED_DEVICE_FAMILY = "1,2";
				TEST_HOST = "$(BUILT_PRODUCTS_DIR)/OnBoardingBiBanking.app/$(BUNDLE_EXECUTABLE_FOLDER_PATH)/OnBoardingBiBanking";
			};
			name = Debug;
		};
		3693ADC82ABE36B400B997F5 /* Release */ = {
			isa = XCBuildConfiguration;
			buildSettings = {
				ALWAYS_EMBED_SWIFT_STANDARD_LIBRARIES = YES;
				BUNDLE_LOADER = "$(TEST_HOST)";
				CODE_SIGN_STYLE = Automatic;
				CURRENT_PROJECT_VERSION = 1;
				DEVELOPMENT_TEAM = PW7L2YCFP6;
				GENERATE_INFOPLIST_FILE = YES;
				IPHONEOS_DEPLOYMENT_TARGET = 16.4;
				MARKETING_VERSION = 1.0;
				PRODUCT_BUNDLE_IDENTIFIER = danilo.com.OnBoardingBiBankingTests;
				PRODUCT_NAME = "$(TARGET_NAME)";
				SWIFT_EMIT_LOC_STRINGS = NO;
				SWIFT_VERSION = 5.0;
				TARGETED_DEVICE_FAMILY = "1,2";
				TEST_HOST = "$(BUILT_PRODUCTS_DIR)/OnBoardingBiBanking.app/$(BUNDLE_EXECUTABLE_FOLDER_PATH)/OnBoardingBiBanking";
			};
			name = Release;
		};
		3693ADCA2ABE36B400B997F5 /* Debug */ = {
			isa = XCBuildConfiguration;
			buildSettings = {
				ALWAYS_EMBED_SWIFT_STANDARD_LIBRARIES = YES;
				CODE_SIGN_STYLE = Automatic;
				CURRENT_PROJECT_VERSION = 1;
				DEVELOPMENT_TEAM = PW7L2YCFP6;
				GENERATE_INFOPLIST_FILE = YES;
				MARKETING_VERSION = 1.0;
				PRODUCT_BUNDLE_IDENTIFIER = danilo.com.OnBoardingBiBankingUITests;
				PRODUCT_NAME = "$(TARGET_NAME)";
				SWIFT_EMIT_LOC_STRINGS = NO;
				SWIFT_VERSION = 5.0;
				TARGETED_DEVICE_FAMILY = "1,2";
				TEST_TARGET_NAME = OnBoardingBiBanking;
			};
			name = Debug;
		};
		3693ADCB2ABE36B400B997F5 /* Release */ = {
			isa = XCBuildConfiguration;
			buildSettings = {
				ALWAYS_EMBED_SWIFT_STANDARD_LIBRARIES = YES;
				CODE_SIGN_STYLE = Automatic;
				CURRENT_PROJECT_VERSION = 1;
				DEVELOPMENT_TEAM = PW7L2YCFP6;
				GENERATE_INFOPLIST_FILE = YES;
				MARKETING_VERSION = 1.0;
				PRODUCT_BUNDLE_IDENTIFIER = danilo.com.OnBoardingBiBankingUITests;
				PRODUCT_NAME = "$(TARGET_NAME)";
				SWIFT_EMIT_LOC_STRINGS = NO;
				SWIFT_VERSION = 5.0;
				TARGETED_DEVICE_FAMILY = "1,2";
				TEST_TARGET_NAME = OnBoardingBiBanking;
			};
			name = Release;
		};
/* End XCBuildConfiguration section */

/* Begin XCConfigurationList section */
		3693AD9A2ABE36B200B997F5 /* Build configuration list for PBXProject "OnBoardingBiBanking" */ = {
			isa = XCConfigurationList;
			buildConfigurations = (
				3693ADC12ABE36B400B997F5 /* Debug */,
				3693ADC22ABE36B400B997F5 /* Release */,
			);
			defaultConfigurationIsVisible = 0;
			defaultConfigurationName = Release;
		};
		3693ADC32ABE36B400B997F5 /* Build configuration list for PBXNativeTarget "OnBoardingBiBanking" */ = {
			isa = XCConfigurationList;
			buildConfigurations = (
				3693ADC42ABE36B400B997F5 /* Debug */,
				3693ADC52ABE36B400B997F5 /* Release */,
			);
			defaultConfigurationIsVisible = 0;
			defaultConfigurationName = Release;
		};
		3693ADC62ABE36B400B997F5 /* Build configuration list for PBXNativeTarget "OnBoardingBiBankingTests" */ = {
			isa = XCConfigurationList;
			buildConfigurations = (
				3693ADC72ABE36B400B997F5 /* Debug */,
				3693ADC82ABE36B400B997F5 /* Release */,
			);
			defaultConfigurationIsVisible = 0;
			defaultConfigurationName = Release;
		};
		3693ADC92ABE36B400B997F5 /* Build configuration list for PBXNativeTarget "OnBoardingBiBankingUITests" */ = {
			isa = XCConfigurationList;
			buildConfigurations = (
				3693ADCA2ABE36B400B997F5 /* Debug */,
				3693ADCB2ABE36B400B997F5 /* Release */,
			);
			defaultConfigurationIsVisible = 0;
			defaultConfigurationName = Release;
		};
/* End XCConfigurationList section */
	};
	rootObject = 3693AD972ABE36B200B997F5 /* Project object */;
}
